
Microsoft Visual Studio Solution File, Format Version 10.00
# Visual Studio 2008
Project("{FAE04EC0-301F-11D3-BF4B-00C04F79EFBC}") = "evo", "src\evo\evo.csproj", "{C1B1F53C-406B-4A4E-9F05-F8AEB3B0741A}"
EndProject
Project("{FAE04EC0-301F-11D3-BF4B-00C04F79EFBC}") = "evo.Core", "src\evo.Core\evo.Core.csproj", "{A1B7D40F-1B5D-4AA1-B98C-35485AA900D3}"
EndProject
Project("{FAE04EC0-301F-11D3-BF4B-00C04F79EFBC}") = "evo.Tests", "src\evo.Tests\evo.Tests.csproj", "{BD9BA02F-BA53-428D-90DA-E58B8D0B5FD6}"
EndProject
Global
	GlobalSection(SolutionConfigurationPlatforms) = preSolution
		Debug|Any CPU = Debug|Any CPU
		Release|Any CPU = Release|Any CPU
	EndGlobalSection
	GlobalSection(ProjectConfigurationPlatforms) = postSolution
		{C1B1F53C-406B-4A4E-9F05-F8AEB3B0741A}.Debug|Any CPU.ActiveCfg = Debug|Any CPU
		{C1B1F53C-406B-4A4E-9F05-F8AEB3B0741A}.Debug|Any CPU.Build.0 = Debug|Any CPU
		{C1B1F53C-406B-4A4E-9F05-F8AEB3B0741A}.Release|Any CPU.ActiveCfg = Release|Any CPU
		{C1B1F53C-406B-4A4E-9F05-F8AEB3B0741A}.Release|Any CPU.Build.0 = Release|Any CPU
		{A1B7D40F-1B5D-4AA1-B98C-35485AA900D3}.Debug|Any CPU.ActiveCfg = Debug|Any CPU
		{A1B7D40F-1B5D-4AA1-B98C-35485AA900D3}.Debug|Any CPU.Build.0 = Debug|Any CPU
		{A1B7D40F-1B5D-4AA1-B98C-35485AA900D3}.Release|Any CPU.ActiveCfg = Release|Any CPU
		{A1B7D40F-1B5D-4AA1-B98C-35485AA900D3}.Release|Any CPU.Build.0 = Release|Any CPU
		{BD9BA02F-BA53-428D-90DA-E58B8D0B5FD6}.Debug|Any CPU.ActiveCfg = Debug|Any CPU
		{BD9BA02F-BA53-428D-90DA-E58B8D0B5FD6}.Debug|Any CPU.Build.0 = Debug|Any CPU
		{BD9BA02F-BA53-428D-90DA-E58B8D0B5FD6}.Release|Any CPU.ActiveCfg = Release|Any CPU
		{BD9BA02F-BA53-428D-90DA-E58B8D0B5FD6}.Release|Any CPU.Build.0 = Release|Any CPU
	EndGlobalSection
	GlobalSection(SolutionProperties) = preSolution
		HideSolutionNode = FALSE
	EndGlobalSection
EndGlobal
